{
    "_readme": [
        "This file locks the dependencies of your project to a known state",
        "Read more about it at https://getcomposer.org/doc/01-basic-usage.md#installing-dependencies",
        "This file is @generated automatically"
    ],
    "content-hash": "2d9270f8a09cb97cc1545e5b653af421",
    "packages": [
        {
            "name": "likemusic/simple-http-client",
            "version": "dev-master",
            "source": {
                "type": "git",
                "url": "git@github.com:likemusic/simple-http-client.git",
                "reference": "fa909568d523c607b5398755599a23b702e7c5d0"
            },
            "dist": {
                "type": "zip",
                "url": "https://api.github.com/repos/likemusic/simple-http-client/zipball/fa909568d523c607b5398755599a23b702e7c5d0",
                "reference": "fa909568d523c607b5398755599a23b702e7c5d0",
                "shasum": ""
            },
            "require": {
                "php": ">=7.1.0"
            },
            "type": "library",
            "autoload": {
                "psr-4": {
                    "Likemusic\\SimpleHttpClient\\": "src/"
                }
            },
            "license": [
                "private"
            ],
            "authors": [
                {
                    "name": "Valerij Ivashchenko",
                    "email": "likemusicdev@gmail.com"
                }
            ],
            "description": "Simple http-client interface.",
            "keywords": [
                "client",
                "http",
                "http-client"
            ],
            "support": {
                "source": "https://github.com/likemusic/simple-http-client/tree/master",
                "issues": "https://github.com/likemusic/simple-http-client/issues"
            },
            "time": "2019-07-07T22:01:22+00:00"
        }
    ],
    "packages-dev": [],
    "aliases": [],
    "minimum-stability": "stable",
    "stability-flags": {
        "likemusic/simple-http-client": 20
    },
    "prefer-stable": false,
    "prefer-lowest": false,
    "platform": {
        "php": ">=7.1.0"
    },
    "platform-dev": []
}
